// !$*UTF8*$!
{
	archiveVersion = 1;
	classes = {
	};
	objectVersion = 55;
	objects = {

/* Begin PBXBuildFile section */
		266549D529813A51005DEA53 /* MeSenderCell.swift in Sources */ = {isa = PBXBuildFile; fileRef = 266549CE29813A50005DEA53 /* MeSenderCell.swift */; };
		266549D829813A51005DEA53 /* PartnerSenderCell.swift in Sources */ = {isa = PBXBuildFile; fileRef = 266549D229813A50005DEA53 /* PartnerSenderCell.swift */; };
		266549DA29813A51005DEA53 /* ChatVC.swift in Sources */ = {isa = PBXBuildFile; fileRef = 266549D429813A50005DEA53 /* ChatVC.swift */; };
		266549DC29829AEC005DEA53 /* SettingsVC.swift in Sources */ = {isa = PBXBuildFile; fileRef = 266549DB29829AEC005DEA53 /* SettingsVC.swift */; };
		266549DE2982E38A005DEA53 /* dots.json in Resources */ = {isa = PBXBuildFile; fileRef = 266549DD2982E38A005DEA53 /* dots.json */; };
		266549E029842F3F005DEA53 /* PurchaseModal.swift in Sources */ = {isa = PBXBuildFile; fileRef = 266549DF29842F3F005DEA53 /* PurchaseModal.swift */; };
		266549E2298449C0005DEA53 /* OnboardingVC.swift in Sources */ = {isa = PBXBuildFile; fileRef = 266549E1298449C0005DEA53 /* OnboardingVC.swift */; };
		26A40D4C2977F9DE00C67A23 /* AppDelegate.swift in Sources */ = {isa = PBXBuildFile; fileRef = 26A40D4B2977F9DE00C67A23 /* AppDelegate.swift */; };
		26A40D4E2977F9DE00C67A23 /* SceneDelegate.swift in Sources */ = {isa = PBXBuildFile; fileRef = 26A40D4D2977F9DE00C67A23 /* SceneDelegate.swift */; };
		26A40D502977F9DE00C67A23 /* TopicsVC.swift in Sources */ = {isa = PBXBuildFile; fileRef = 26A40D4F2977F9DE00C67A23 /* TopicsVC.swift */; };
		26A40D552977F9DF00C67A23 /* Assets.xcassets in Resources */ = {isa = PBXBuildFile; fileRef = 26A40D542977F9DF00C67A23 /* Assets.xcassets */; };
		26A40D582977F9DF00C67A23 /* LaunchScreen.storyboard in Resources */ = {isa = PBXBuildFile; fileRef = 26A40D562977F9DF00C67A23 /* LaunchScreen.storyboard */; };
		26A40D602978104400C67A23 /* GoogleService-Info.plist in Resources */ = {isa = PBXBuildFile; fileRef = 26A40D5F2978104400C67A23 /* GoogleService-Info.plist */; };
		26A40D62297812BD00C67A23 /* Extensions.swift in Sources */ = {isa = PBXBuildFile; fileRef = 26A40D61297812BD00C67A23 /* Extensions.swift */; };
		26A40D64297812DC00C67A23 /* FirebaseManager.swift in Sources */ = {isa = PBXBuildFile; fileRef = 26A40D63297812DC00C67A23 /* FirebaseManager.swift */; };
		26A40D6F29782D4F00C67A23 /* StoreKit.framework in Frameworks */ = {isa = PBXBuildFile; fileRef = 26A40D6E29782D4F00C67A23 /* StoreKit.framework */; };
		26A40D712978502E00C67A23 /* SubscriptionProduct.swift in Sources */ = {isa = PBXBuildFile; fileRef = 26A40D702978502E00C67A23 /* SubscriptionProduct.swift */; };
		26A40D73297966E700C67A23 /* PurchaseService.swift in Sources */ = {isa = PBXBuildFile; fileRef = 26A40D72297966E700C67A23 /* PurchaseService.swift */; };
		26A40D75297A8F3A00C67A23 /* RoutingHelper.swift in Sources */ = {isa = PBXBuildFile; fileRef = 26A40D74297A8F3A00C67A23 /* RoutingHelper.swift */; };
		26A40D77297ADDEF00C67A23 /* ApiService.swift in Sources */ = {isa = PBXBuildFile; fileRef = 26A40D76297ADDEF00C67A23 /* ApiService.swift */; };
		26A40D7A297C741200C67A23 /* plane.json in Resources */ = {isa = PBXBuildFile; fileRef = 26A40D79297C741200C67A23 /* plane.json */; };
		26A40D80297C80B500C67A23 /* rainbowLoader.json in Resources */ = {isa = PBXBuildFile; fileRef = 26A40D7F297C80B500C67A23 /* rainbowLoader.json */; };
		C34A1F0782FC7EB0F708AB3A /* Pods_Airon.framework in Frameworks */ = {isa = PBXBuildFile; fileRef = 837716A49C0C4513C8DD880F /* Pods_Airon.framework */; };
/* End PBXBuildFile section */

/* Begin PBXFileReference section */
		21CEABFB422F5AE4B7A0FDA3 /* Pods-Airon.debug.xcconfig */ = {isa = PBXFileReference; includeInIndex = 1; lastKnownFileType = text.xcconfig; name = "Pods-Airon.debug.xcconfig"; path = "Target Support Files/Pods-Airon/Pods-Airon.debug.xcconfig"; sourceTree = "<group>"; };
		266549CE29813A50005DEA53 /* MeSenderCell.swift */ = {isa = PBXFileReference; fileEncoding = 4; lastKnownFileType = sourcecode.swift; path = MeSenderCell.swift; sourceTree = "<group>"; };
		266549D229813A50005DEA53 /* PartnerSenderCell.swift */ = {isa = PBXFileReference; fileEncoding = 4; lastKnownFileType = sourcecode.swift; path = PartnerSenderCell.swift; sourceTree = "<group>"; };
		266549D429813A50005DEA53 /* ChatVC.swift */ = {isa = PBXFileReference; fileEncoding = 4; lastKnownFileType = sourcecode.swift; path = ChatVC.swift; sourceTree = "<group>"; };
		266549DB29829AEC005DEA53 /* SettingsVC.swift */ = {isa = PBXFileReference; lastKnownFileType = sourcecode.swift; path = SettingsVC.swift; sourceTree = "<group>"; };
		266549DD2982E38A005DEA53 /* dots.json */ = {isa = PBXFileReference; fileEncoding = 4; lastKnownFileType = text.json; path = dots.json; sourceTree = "<group>"; };
		266549DF29842F3F005DEA53 /* PurchaseModal.swift */ = {isa = PBXFileReference; lastKnownFileType = sourcecode.swift; path = PurchaseModal.swift; sourceTree = "<group>"; };
		266549E1298449C0005DEA53 /* OnboardingVC.swift */ = {isa = PBXFileReference; lastKnownFileType = sourcecode.swift; path = OnboardingVC.swift; sourceTree = "<group>"; };
		26A40D482977F9DE00C67A23 /* Airon.app */ = {isa = PBXFileReference; explicitFileType = wrapper.application; includeInIndex = 0; path = Airon.app; sourceTree = BUILT_PRODUCTS_DIR; };
		26A40D4B2977F9DE00C67A23 /* AppDelegate.swift */ = {isa = PBXFileReference; lastKnownFileType = sourcecode.swift; path = AppDelegate.swift; sourceTree = "<group>"; };
		26A40D4D2977F9DE00C67A23 /* SceneDelegate.swift */ = {isa = PBXFileReference; lastKnownFileType = sourcecode.swift; path = SceneDelegate.swift; sourceTree = "<group>"; };
		26A40D4F2977F9DE00C67A23 /* TopicsVC.swift */ = {isa = PBXFileReference; lastKnownFileType = sourcecode.swift; path = TopicsVC.swift; sourceTree = "<group>"; };
		26A40D542977F9DF00C67A23 /* Assets.xcassets */ = {isa = PBXFileReference; lastKnownFileType = folder.assetcatalog; path = Assets.xcassets; sourceTree = "<group>"; };
		26A40D572977F9DF00C67A23 /* Base */ = {isa = PBXFileReference; lastKnownFileType = file.storyboard; name = Base; path = Base.lproj/LaunchScreen.storyboard; sourceTree = "<group>"; };
		26A40D592977F9DF00C67A23 /* Info.plist */ = {isa = PBXFileReference; lastKnownFileType = text.plist.xml; path = Info.plist; sourceTree = "<group>"; };
		26A40D5F2978104400C67A23 /* GoogleService-Info.plist */ = {isa = PBXFileReference; lastKnownFileType = text.plist; path = "GoogleService-Info.plist"; sourceTree = SOURCE_ROOT; };
		26A40D61297812BD00C67A23 /* Extensions.swift */ = {isa = PBXFileReference; lastKnownFileType = sourcecode.swift; path = Extensions.swift; sourceTree = "<group>"; };
		26A40D63297812DC00C67A23 /* FirebaseManager.swift */ = {isa = PBXFileReference; lastKnownFileType = sourcecode.swift; path = FirebaseManager.swift; sourceTree = "<group>"; };
		26A40D6E29782D4F00C67A23 /* StoreKit.framework */ = {isa = PBXFileReference; lastKnownFileType = wrapper.framework; name = StoreKit.framework; path = System/Library/Frameworks/StoreKit.framework; sourceTree = SDKROOT; };
		26A40D702978502E00C67A23 /* SubscriptionProduct.swift */ = {isa = PBXFileReference; lastKnownFileType = sourcecode.swift; path = SubscriptionProduct.swift; sourceTree = "<group>"; };
		26A40D72297966E700C67A23 /* PurchaseService.swift */ = {isa = PBXFileReference; lastKnownFileType = sourcecode.swift; path = PurchaseService.swift; sourceTree = "<group>"; };
		26A40D74297A8F3A00C67A23 /* RoutingHelper.swift */ = {isa = PBXFileReference; lastKnownFileType = sourcecode.swift; path = RoutingHelper.swift; sourceTree = "<group>"; };
		26A40D76297ADDEF00C67A23 /* ApiService.swift */ = {isa = PBXFileReference; lastKnownFileType = sourcecode.swift; path = ApiService.swift; sourceTree = "<group>"; };
		26A40D79297C741200C67A23 /* plane.json */ = {isa = PBXFileReference; fileEncoding = 4; lastKnownFileType = text.json; path = plane.json; sourceTree = "<group>"; };
		26A40D7F297C80B500C67A23 /* rainbowLoader.json */ = {isa = PBXFileReference; fileEncoding = 4; lastKnownFileType = text.json; path = rainbowLoader.json; sourceTree = "<group>"; };
		837716A49C0C4513C8DD880F /* Pods_Airon.framework */ = {isa = PBXFileReference; explicitFileType = wrapper.framework; includeInIndex = 0; path = Pods_Airon.framework; sourceTree = BUILT_PRODUCTS_DIR; };
		CD7721896B89AA82B1291B5F /* Pods-Airon.release.xcconfig */ = {isa = PBXFileReference; includeInIndex = 1; lastKnownFileType = text.xcconfig; name = "Pods-Airon.release.xcconfig"; path = "Target Support Files/Pods-Airon/Pods-Airon.release.xcconfig"; sourceTree = "<group>"; };
/* End PBXFileReference section */

/* Begin PBXFrameworksBuildPhase section */
		26A40D452977F9DE00C67A23 /* Frameworks */ = {
			isa = PBXFrameworksBuildPhase;
			buildActionMask = 2147483647;
			files = (
				C34A1F0782FC7EB0F708AB3A /* Pods_Airon.framework in Frameworks */,
				26A40D6F29782D4F00C67A23 /* StoreKit.framework in Frameworks */,
			);
			runOnlyForDeploymentPostprocessing = 0;
		};
/* End PBXFrameworksBuildPhase section */

/* Begin PBXGroup section */
		266549CB29813A50005DEA53 /* Chat */ = {
			isa = PBXGroup;
			children = (
				266549CC29813A50005DEA53 /* View and cells */,
				266549D429813A50005DEA53 /* ChatVC.swift */,
			);
			path = Chat;
			sourceTree = "<group>";
		};
		266549CC29813A50005DEA53 /* View and cells */ = {
			isa = PBXGroup;
			children = (
				266549CD29813A50005DEA53 /* MeSender */,
				266549D129813A50005DEA53 /* PartnerSender */,
			);
			path = "View and cells";
			sourceTree = "<group>";
		};
		266549CD29813A50005DEA53 /* MeSender */ = {
			isa = PBXGroup;
			children = (
				266549CE29813A50005DEA53 /* MeSenderCell.swift */,
			);
			path = MeSender;
			sourceTree = "<group>";
		};
		266549D129813A50005DEA53 /* PartnerSender */ = {
			isa = PBXGroup;
			children = (
				266549D229813A50005DEA53 /* PartnerSenderCell.swift */,
			);
			path = PartnerSender;
			sourceTree = "<group>";
		};
		266549E3298449C4005DEA53 /* Onboarding */ = {
			isa = PBXGroup;
			children = (
				266549E1298449C0005DEA53 /* OnboardingVC.swift */,
			);
			path = Onboarding;
			sourceTree = "<group>";
		};
		26A40D3F2977F9DE00C67A23 = {
			isa = PBXGroup;
			children = (
				26A40D4A2977F9DE00C67A23 /* Airon */,
				26A40D492977F9DE00C67A23 /* Products */,
				39823C79AEA4911F5800C767 /* Pods */,
				95D0079D2ED0704823CE2720 /* Frameworks */,
			);
			sourceTree = "<group>";
		};
		26A40D492977F9DE00C67A23 /* Products */ = {
			isa = PBXGroup;
			children = (
				26A40D482977F9DE00C67A23 /* Airon.app */,
			);
			name = Products;
			sourceTree = "<group>";
		};
		26A40D4A2977F9DE00C67A23 /* Airon */ = {
			isa = PBXGroup;
			children = (
				26A40D4B2977F9DE00C67A23 /* AppDelegate.swift */,
				26A40D4D2977F9DE00C67A23 /* SceneDelegate.swift */,
				26A40D4F2977F9DE00C67A23 /* TopicsVC.swift */,
				266549DB29829AEC005DEA53 /* SettingsVC.swift */,
				266549E3298449C4005DEA53 /* Onboarding */,
				26A40D6D2978167200C67A23 /* Purchase */,
				26A40D61297812BD00C67A23 /* Extensions.swift */,
				26A40D74297A8F3A00C67A23 /* RoutingHelper.swift */,
				26A40D63297812DC00C67A23 /* FirebaseManager.swift */,
				26A40D76297ADDEF00C67A23 /* ApiService.swift */,
				266549CB29813A50005DEA53 /* Chat */,
				26A40D78297C741200C67A23 /* Animations */,
				26A40D542977F9DF00C67A23 /* Assets.xcassets */,
				26A40D562977F9DF00C67A23 /* LaunchScreen.storyboard */,
				26A40D592977F9DF00C67A23 /* Info.plist */,
				26A40D5F2978104400C67A23 /* GoogleService-Info.plist */,
			);
			path = Airon;
			sourceTree = "<group>";
		};
		26A40D6D2978167200C67A23 /* Purchase */ = {
			isa = PBXGroup;
			children = (
				266549DF29842F3F005DEA53 /* PurchaseModal.swift */,
				26A40D702978502E00C67A23 /* SubscriptionProduct.swift */,
				26A40D72297966E700C67A23 /* PurchaseService.swift */,
			);
			path = Purchase;
			sourceTree = "<group>";
		};
		26A40D78297C741200C67A23 /* Animations */ = {
			isa = PBXGroup;
			children = (
				266549DD2982E38A005DEA53 /* dots.json */,
				26A40D7F297C80B500C67A23 /* rainbowLoader.json */,
				26A40D79297C741200C67A23 /* plane.json */,
			);
			path = Animations;
			sourceTree = "<group>";
		};
		39823C79AEA4911F5800C767 /* Pods */ = {
			isa = PBXGroup;
			children = (
				21CEABFB422F5AE4B7A0FDA3 /* Pods-Airon.debug.xcconfig */,
				CD7721896B89AA82B1291B5F /* Pods-Airon.release.xcconfig */,
			);
			path = Pods;
			sourceTree = "<group>";
		};
		95D0079D2ED0704823CE2720 /* Frameworks */ = {
			isa = PBXGroup;
			children = (
				26A40D6E29782D4F00C67A23 /* StoreKit.framework */,
				837716A49C0C4513C8DD880F /* Pods_Airon.framework */,
			);
			name = Frameworks;
			sourceTree = "<group>";
		};
/* End PBXGroup section */

/* Begin PBXNativeTarget section */
		26A40D472977F9DE00C67A23 /* Airon */ = {
			isa = PBXNativeTarget;
			buildConfigurationList = 26A40D5C2977F9DF00C67A23 /* Build configuration list for PBXNativeTarget "Airon" */;
			buildPhases = (
				9778263800856223819BE655 /* [CP] Check Pods Manifest.lock */,
				26A40D442977F9DE00C67A23 /* Sources */,
				26A40D452977F9DE00C67A23 /* Frameworks */,
				26A40D462977F9DE00C67A23 /* Resources */,
				EDD1D6A2369F69482DC947E7 /* [CP] Embed Pods Frameworks */,
			);
			buildRules = (
			);
			dependencies = (
			);
			name = Airon;
			productName = Airon;
			productReference = 26A40D482977F9DE00C67A23 /* Airon.app */;
			productType = "com.apple.product-type.application";
		};
/* End PBXNativeTarget section */

/* Begin PBXProject section */
		26A40D402977F9DE00C67A23 /* Project object */ = {
			isa = PBXProject;
			attributes = {
				BuildIndependentTargetsInParallel = 1;
				LastSwiftUpdateCheck = 1420;
				LastUpgradeCheck = 1420;
				TargetAttributes = {
					26A40D472977F9DE00C67A23 = {
						CreatedOnToolsVersion = 14.2;
					};
				};
			};
			buildConfigurationList = 26A40D432977F9DE00C67A23 /* Build configuration list for PBXProject "Airon" */;
			compatibilityVersion = "Xcode 13.0";
			developmentRegion = en;
			hasScannedForEncodings = 0;
			knownRegions = (
				en,
				Base,
			);
			mainGroup = 26A40D3F2977F9DE00C67A23;
			productRefGroup = 26A40D492977F9DE00C67A23 /* Products */;
			projectDirPath = "";
			projectRoot = "";
			targets = (
				26A40D472977F9DE00C67A23 /* Airon */,
			);
		};
/* End PBXProject section */

/* Begin PBXResourcesBuildPhase section */
		26A40D462977F9DE00C67A23 /* Resources */ = {
			isa = PBXResourcesBuildPhase;
			buildActionMask = 2147483647;
			files = (
				26A40D582977F9DF00C67A23 /* LaunchScreen.storyboard in Resources */,
				266549DE2982E38A005DEA53 /* dots.json in Resources */,
				26A40D552977F9DF00C67A23 /* Assets.xcassets in Resources */,
				26A40D7A297C741200C67A23 /* plane.json in Resources */,
				26A40D80297C80B500C67A23 /* rainbowLoader.json in Resources */,
				26A40D602978104400C67A23 /* GoogleService-Info.plist in Resources */,
			);
			runOnlyForDeploymentPostprocessing = 0;
		};
/* End PBXResourcesBuildPhase section */

/* Begin PBXShellScriptBuildPhase section */
		9778263800856223819BE655 /* [CP] Check Pods Manifest.lock */ = {
			isa = PBXShellScriptBuildPhase;
			buildActionMask = 2147483647;
			files = (
			);
			inputFileListPaths = (
			);
			inputPaths = (
				"${PODS_PODFILE_DIR_PATH}/Podfile.lock",
				"${PODS_ROOT}/Manifest.lock",
			);
			name = "[CP] Check Pods Manifest.lock";
			outputFileListPaths = (
			);
			outputPaths = (
				"$(DERIVED_FILE_DIR)/Pods-Airon-checkManifestLockResult.txt",
			);
			runOnlyForDeploymentPostprocessing = 0;
			shellPath = /bin/sh;
			shellScript = "diff \"${PODS_PODFILE_DIR_PATH}/Podfile.lock\" \"${PODS_ROOT}/Manifest.lock\" > /dev/null\nif [ $? != 0 ] ; then\n    # print error to STDERR\n    echo \"error: The sandbox is not in sync with the Podfile.lock. Run 'pod install' or update your CocoaPods installation.\" >&2\n    exit 1\nfi\n# This output is used by Xcode 'outputs' to avoid re-running this script phase.\necho \"SUCCESS\" > \"${SCRIPT_OUTPUT_FILE_0}\"\n";
			showEnvVarsInLog = 0;
		};
		EDD1D6A2369F69482DC947E7 /* [CP] Embed Pods Frameworks */ = {
			isa = PBXShellScriptBuildPhase;
			buildActionMask = 2147483647;
			files = (
			);
			inputFileListPaths = (
				"${PODS_ROOT}/Target Support Files/Pods-Airon/Pods-Airon-frameworks-${CONFIGURATION}-input-files.xcfilelist",
			);
			name = "[CP] Embed Pods Frameworks";
			outputFileListPaths = (
				"${PODS_ROOT}/Target Support Files/Pods-Airon/Pods-Airon-frameworks-${CONFIGURATION}-output-files.xcfilelist",
			);
			runOnlyForDeploymentPostprocessing = 0;
			shellPath = /bin/sh;
			shellScript = "\"${PODS_ROOT}/Target Support Files/Pods-Airon/Pods-Airon-frameworks.sh\"\n";
			showEnvVarsInLog = 0;
		};
/* End PBXShellScriptBuildPhase section */

/* Begin PBXSourcesBuildPhase section */
		26A40D442977F9DE00C67A23 /* Sources */ = {
			isa = PBXSourcesBuildPhase;
			buildActionMask = 2147483647;
			files = (
				266549DC29829AEC005DEA53 /* SettingsVC.swift in Sources */,
				26A40D502977F9DE00C67A23 /* TopicsVC.swift in Sources */,
				266549E029842F3F005DEA53 /* PurchaseModal.swift in Sources */,
				266549DA29813A51005DEA53 /* ChatVC.swift in Sources */,
				26A40D75297A8F3A00C67A23 /* RoutingHelper.swift in Sources */,
				26A40D712978502E00C67A23 /* SubscriptionProduct.swift in Sources */,
				26A40D4C2977F9DE00C67A23 /* AppDelegate.swift in Sources */,
				266549E2298449C0005DEA53 /* OnboardingVC.swift in Sources */,
				26A40D73297966E700C67A23 /* PurchaseService.swift in Sources */,
				26A40D64297812DC00C67A23 /* FirebaseManager.swift in Sources */,
				26A40D77297ADDEF00C67A23 /* ApiService.swift in Sources */,
				266549D529813A51005DEA53 /* MeSenderCell.swift in Sources */,
				266549D829813A51005DEA53 /* PartnerSenderCell.swift in Sources */,
				26A40D4E2977F9DE00C67A23 /* SceneDelegate.swift in Sources */,
				26A40D62297812BD00C67A23 /* Extensions.swift in Sources */,
			);
			runOnlyForDeploymentPostprocessing = 0;
		};
/* End PBXSourcesBuildPhase section */

/* Begin PBXVariantGroup section */
		26A40D562977F9DF00C67A23 /* LaunchScreen.storyboard */ = {
			isa = PBXVariantGroup;
			children = (
				26A40D572977F9DF00C67A23 /* Base */,
			);
			name = LaunchScreen.storyboard;
			sourceTree = "<group>";
		};
/* End PBXVariantGroup section */

/* Begin XCBuildConfiguration section */
		26A40D5A2977F9DF00C67A23 /* Debug */ = {
			isa = XCBuildConfiguration;
			buildSettings = {
				ALWAYS_SEARCH_USER_PATHS = NO;
				CLANG_ANALYZER_NONNULL = YES;
				CLANG_ANALYZER_NUMBER_OBJECT_CONVERSION = YES_AGGRESSIVE;
				CLANG_CXX_LANGUAGE_STANDARD = "gnu++20";
				CLANG_ENABLE_MODULES = YES;
				CLANG_ENABLE_OBJC_ARC = YES;
				CLANG_ENABLE_OBJC_WEAK = YES;
				CLANG_WARN_BLOCK_CAPTURE_AUTORELEASING = YES;
				CLANG_WARN_BOOL_CONVERSION = YES;
				CLANG_WARN_COMMA = YES;
				CLANG_WARN_CONSTANT_CONVERSION = YES;
				CLANG_WARN_DEPRECATED_OBJC_IMPLEMENTATIONS = YES;
				CLANG_WARN_DIRECT_OBJC_ISA_USAGE = YES_ERROR;
				CLANG_WARN_DOCUMENTATION_COMMENTS = YES;
				CLANG_WARN_EMPTY_BODY = YES;
				CLANG_WARN_ENUM_CONVERSION = YES;
				CLANG_WARN_INFINITE_RECURSION = YES;
				CLANG_WARN_INT_CONVERSION = YES;
				CLANG_WARN_NON_LITERAL_NULL_CONVERSION = YES;
				CLANG_WARN_OBJC_IMPLICIT_RETAIN_SELF = YES;
				CLANG_WARN_OBJC_LITERAL_CONVERSION = YES;
				CLANG_WARN_OBJC_ROOT_CLASS = YES_ERROR;
				CLANG_WARN_QUOTED_INCLUDE_IN_FRAMEWORK_HEADER = YES;
				CLANG_WARN_RANGE_LOOP_ANALYSIS = YES;
				CLANG_WARN_STRICT_PROTOTYPES = YES;
				CLANG_WARN_SUSPICIOUS_MOVE = YES;
				CLANG_WARN_UNGUARDED_AVAILABILITY = YES_AGGRESSIVE;
				CLANG_WARN_UNREACHABLE_CODE = YES;
				CLANG_WARN__DUPLICATE_METHOD_MATCH = YES;
				COPY_PHASE_STRIP = NO;
				DEBUG_INFORMATION_FORMAT = dwarf;
				ENABLE_BITCODE = NO;
				ENABLE_STRICT_OBJC_MSGSEND = YES;
				ENABLE_TESTABILITY = YES;
				GCC_C_LANGUAGE_STANDARD = gnu11;
				GCC_DYNAMIC_NO_PIC = NO;
				GCC_NO_COMMON_BLOCKS = YES;
				GCC_OPTIMIZATION_LEVEL = 0;
				GCC_PREPROCESSOR_DEFINITIONS = (
					"DEBUG=1",
					"$(inherited)",
				);
				GCC_WARN_64_TO_32_BIT_CONVERSION = YES;
				GCC_WARN_ABOUT_RETURN_TYPE = YES_ERROR;
				GCC_WARN_UNDECLARED_SELECTOR = YES;
				GCC_WARN_UNINITIALIZED_AUTOS = YES_AGGRESSIVE;
				GCC_WARN_UNUSED_FUNCTION = YES;
				GCC_WARN_UNUSED_VARIABLE = YES;
				IPHONEOS_DEPLOYMENT_TARGET = 16.2;
				MTL_ENABLE_DEBUG_INFO = INCLUDE_SOURCE;
				MTL_FAST_MATH = YES;
				ONLY_ACTIVE_ARCH = YES;
				SDKROOT = iphoneos;
				SWIFT_ACTIVE_COMPILATION_CONDITIONS = DEBUG;
				SWIFT_OPTIMIZATION_LEVEL = "-Onone";
			};
			name = Debug;
		};
		26A40D5B2977F9DF00C67A23 /* Release */ = {
			isa = XCBuildConfiguration;
			buildSettings = {
				ALWAYS_SEARCH_USER_PATHS = NO;
				CLANG_ANALYZER_NONNULL = YES;
				CLANG_ANALYZER_NUMBER_OBJECT_CONVERSION = YES_AGGRESSIVE;
				CLANG_CXX_LANGUAGE_STANDARD = "gnu++20";
				CLANG_ENABLE_MODULES = YES;
				CLANG_ENABLE_OBJC_ARC = YES;
				CLANG_ENABLE_OBJC_WEAK = YES;
				CLANG_WARN_BLOCK_CAPTURE_AUTORELEASING = YES;
				CLANG_WARN_BOOL_CONVERSION = YES;
				CLANG_WARN_COMMA = YES;
				CLANG_WARN_CONSTANT_CONVERSION = YES;
				CLANG_WARN_DEPRECATED_OBJC_IMPLEMENTATIONS = YES;
				CLANG_WARN_DIRECT_OBJC_ISA_USAGE = YES_ERROR;
				CLANG_WARN_DOCUMENTATION_COMMENTS = YES;
				CLANG_WARN_EMPTY_BODY = YES;
				CLANG_WARN_ENUM_CONVERSION = YES;
				CLANG_WARN_INFINITE_RECURSION = YES;
				CLANG_WARN_INT_CONVERSION = YES;
				CLANG_WARN_NON_LITERAL_NULL_CONVERSION = YES;
				CLANG_WARN_OBJC_IMPLICIT_RETAIN_SELF = YES;
				CLANG_WARN_OBJC_LITERAL_CONVERSION = YES;
				CLANG_WARN_OBJC_ROOT_CLASS = YES_ERROR;
				CLANG_WARN_QUOTED_INCLUDE_IN_FRAMEWORK_HEADER = YES;
				CLANG_WARN_RANGE_LOOP_ANALYSIS = YES;
				CLANG_WARN_STRICT_PROTOTYPES = YES;
				CLANG_WARN_SUSPICIOUS_MOVE = YES;
				CLANG_WARN_UNGUARDED_AVAILABILITY = YES_AGGRESSIVE;
				CLANG_WARN_UNREACHABLE_CODE = YES;
				CLANG_WARN__DUPLICATE_METHOD_MATCH = YES;
				COPY_PHASE_STRIP = NO;
				DEBUG_INFORMATION_FORMAT = "dwarf-with-dsym";
				ENABLE_BITCODE = NO;
				ENABLE_NS_ASSERTIONS = NO;
				ENABLE_STRICT_OBJC_MSGSEND = YES;
				GCC_C_LANGUAGE_STANDARD = gnu11;
				GCC_NO_COMMON_BLOCKS = YES;
				GCC_WARN_64_TO_32_BIT_CONVERSION = YES;
				GCC_WARN_ABOUT_RETURN_TYPE = YES_ERROR;
				GCC_WARN_UNDECLARED_SELECTOR = YES;
				GCC_WARN_UNINITIALIZED_AUTOS = YES_AGGRESSIVE;
				GCC_WARN_UNUSED_FUNCTION = YES;
				GCC_WARN_UNUSED_VARIABLE = YES;
				IPHONEOS_DEPLOYMENT_TARGET = 16.2;
				MTL_ENABLE_DEBUG_INFO = NO;
				MTL_FAST_MATH = YES;
				SDKROOT = iphoneos;
				SWIFT_COMPILATION_MODE = wholemodule;
				SWIFT_OPTIMIZATION_LEVEL = "-O";
				VALIDATE_PRODUCT = YES;
			};
			name = Release;
		};
		26A40D5D2977F9DF00C67A23 /* Debug */ = {
			isa = XCBuildConfiguration;
			baseConfigurationReference = 21CEABFB422F5AE4B7A0FDA3 /* Pods-Airon.debug.xcconfig */;
			buildSettings = {
				ASSETCATALOG_COMPILER_APPICON_NAME = AppIcon;
				ASSETCATALOG_COMPILER_GLOBAL_ACCENT_COLOR_NAME = AccentColor;
				CODE_SIGN_STYLE = Automatic;
				CURRENT_PROJECT_VERSION = 5;
				DEVELOPMENT_TEAM = 9875BH6JL2;
				ENABLE_BITCODE = NO;
				GENERATE_INFOPLIST_FILE = YES;
				INFOPLIST_FILE = Airon/Info.plist;
				INFOPLIST_KEY_CFBundleDisplayName = "Airon - Chat AI [bot helper]";
				INFOPLIST_KEY_UIApplicationSupportsIndirectInputEvents = YES;
				INFOPLIST_KEY_UILaunchStoryboardName = LaunchScreen;
				INFOPLIST_KEY_UISupportedInterfaceOrientations_iPad = UIInterfaceOrientationPortrait;
				INFOPLIST_KEY_UISupportedInterfaceOrientations_iPhone = "UIInterfaceOrientationPortrait ";
				IPHONEOS_DEPLOYMENT_TARGET = 14.0;
				LD_RUNPATH_SEARCH_PATHS = (
					"$(inherited)",
					"@executable_path/Frameworks",
				);
				MARKETING_VERSION = 1.0;
				PRODUCT_BUNDLE_IDENTIFIER = kanevsky.chatgpt;
				PRODUCT_NAME = "$(TARGET_NAME)";
				SUPPORTED_PLATFORMS = "iphoneos iphonesimulator";
				SUPPORTS_MACCATALYST = NO;
				SUPPORTS_MAC_DESIGNED_FOR_IPHONE_IPAD = NO;
				SWIFT_EMIT_LOC_STRINGS = YES;
				SWIFT_VERSION = 5.0;
				TARGETED_DEVICE_FAMILY = 1;
			};
			name = Debug;
		};
		26A40D5E2977F9DF00C67A23 /* Release */ = {
			isa = XCBuildConfiguration;
			baseConfigurationReference = CD7721896B89AA82B1291B5F /* Pods-Airon.release.xcconfig */;
			buildSettings = {
				ASSETCATALOG_COMPILER_APPICON_NAME = AppIcon;
				ASSETCATALOG_COMPILER_GLOBAL_ACCENT_COLOR_NAME = AccentColor;
				CODE_SIGN_STYLE = Automatic;
				CURRENT_PROJECT_VERSION = 5;
				DEVELOPMENT_TEAM = 9875BH6JL2;
				ENABLE_BITCODE = NO;
				GENERATE_INFOPLIST_FILE = YES;
				INFOPLIST_FILE = Airon/Info.plist;
				INFOPLIST_KEY_CFBundleDisplayName = "Airon - Chat AI [bot helper]";
				INFOPLIST_KEY_UIApplicationSupportsIndirectInputEvents = YES;
				INFOPLIST_KEY_UILaunchStoryboardName = LaunchScreen;
				INFOPLIST_KEY_UISupportedInterfaceOrientations_iPad = UIInterfaceOrientationPortrait;
				INFOPLIST_KEY_UISupportedInterfaceOrientations_iPhone = UIInterfaceOrientationPortrait;
				IPHONEOS_DEPLOYMENT_TARGET = 14.0;
				LD_RUNPATH_SEARCH_PATHS = (
					"$(inherited)",
					"@executable_path/Frameworks",
				);
				MARKETING_VERSION = 1.0;
				ONLY_ACTIVE_ARCH = YES;
				PRODUCT_BUNDLE_IDENTIFIER = kanevsky.chatgpt;
				PRODUCT_NAME = "$(TARGET_NAME)";
				SUPPORTED_PLATFORMS = "iphoneos iphonesimulator";
				SUPPORTS_MACCATALYST = NO;
				SUPPORTS_MAC_DESIGNED_FOR_IPHONE_IPAD = NO;
				SWIFT_EMIT_LOC_STRINGS = YES;
				SWIFT_VERSION = 5.0;
				TARGETED_DEVICE_FAMILY = 1;
			};
			name = Release;
		};
/* End XCBuildConfiguration section */

/* Begin XCConfigurationList section */
		26A40D432977F9DE00C67A23 /* Build configuration list for PBXProject "Airon" */ = {
			isa = XCConfigurationList;
			buildConfigurations = (
				26A40D5A2977F9DF00C67A23 /* Debug */,
				26A40D5B2977F9DF00C67A23 /* Release */,
			);
			defaultConfigurationIsVisible = 0;
			defaultConfigurationName = Release;
		};
		26A40D5C2977F9DF00C67A23 /* Build configuration list for PBXNativeTarget "Airon" */ = {
			isa = XCConfigurationList;
			buildConfigurations = (
				26A40D5D2977F9DF00C67A23 /* Debug */,
				26A40D5E2977F9DF00C67A23 /* Release */,
			);
			defaultConfigurationIsVisible = 0;
			defaultConfigurationName = Release;
		};
/* End XCConfigurationList section */
	};
	rootObject = 26A40D402977F9DE00C67A23 /* Project object */;
}
